// !$*UTF8*$!
{
	archiveVersion = 1;
	classes = {
	};
	objectVersion = 48;
	objects = {

/* Begin PBXBuildFile section */
		14A5832ADDF7A54C42E4282E /* Pods_CatOnCloud_CatOnCloudUITests.framework in Frameworks */ = {isa = PBXBuildFile; fileRef = 12D84DB767412BD96F2CFF04 /* Pods_CatOnCloud_CatOnCloudUITests.framework */; };
		339C6DE615D4262774BCD91E /* Pods_CatOnCloudUITests.framework in Frameworks */ = {isa = PBXBuildFile; fileRef = 12EEB34A68D863DC3DE33155 /* Pods_CatOnCloudUITests.framework */; };
		4F68E0F91F9753D9005776F6 /* AppDelegate.swift in Sources */ = {isa = PBXBuildFile; fileRef = 4F68E0F81F9753D9005776F6 /* AppDelegate.swift */; };
		4F68E0FB1F9753D9005776F6 /* ViewController.swift in Sources */ = {isa = PBXBuildFile; fileRef = 4F68E0FA1F9753D9005776F6 /* ViewController.swift */; };
		4F68E0FE1F9753D9005776F6 /* Main.storyboard in Resources */ = {isa = PBXBuildFile; fileRef = 4F68E0FC1F9753D9005776F6 /* Main.storyboard */; };
		4F68E1031F9753D9005776F6 /* LaunchScreen.storyboard in Resources */ = {isa = PBXBuildFile; fileRef = 4F68E1011F9753D9005776F6 /* LaunchScreen.storyboard */; };
		4F68E1111F975415005776F6 /* CatOnCloudTests.swift in Sources */ = {isa = PBXBuildFile; fileRef = 4F68E1101F975415005776F6 /* CatOnCloudTests.swift */; };
		4F68E11F1F975420005776F6 /* CatOnCloudUITests.swift in Sources */ = {isa = PBXBuildFile; fileRef = 4F68E11E1F975420005776F6 /* CatOnCloudUITests.swift */; };
		4F68E1271F97585D005776F6 /* LoginViewModel.swift in Sources */ = {isa = PBXBuildFile; fileRef = 4F68E1261F97585D005776F6 /* LoginViewModel.swift */; };
		4F68E1291F9758D0005776F6 /* LoginViewModelSpec.swift in Sources */ = {isa = PBXBuildFile; fileRef = 4F68E1281F9758D0005776F6 /* LoginViewModelSpec.swift */; };
		4F68E12B1F975E38005776F6 /* Assets.xcassets in Resources */ = {isa = PBXBuildFile; fileRef = 4F68E12A1F975E38005776F6 /* Assets.xcassets */; };
		4F74EFEA1F97608A007B005F /* CatViewController.swift in Sources */ = {isa = PBXBuildFile; fileRef = 4F74EFE91F97608A007B005F /* CatViewController.swift */; };
		4F74EFEC1FA07F33007B005F /* HomeViewController.swift in Sources */ = {isa = PBXBuildFile; fileRef = 4F74EFEB1FA07F33007B005F /* HomeViewController.swift */; };
		4F74EFEE1FA07FFA007B005F /* HomeCellModel.swift in Sources */ = {isa = PBXBuildFile; fileRef = 4F74EFED1FA07FFA007B005F /* HomeCellModel.swift */; };
		4F74EFF01FA08088007B005F /* HomeViewModel.swift in Sources */ = {isa = PBXBuildFile; fileRef = 4F74EFEF1FA08088007B005F /* HomeViewModel.swift */; };
		4F74EFF21FA081BD007B005F /* HomeCellViewModel.swift in Sources */ = {isa = PBXBuildFile; fileRef = 4F74EFF11FA081BD007B005F /* HomeCellViewModel.swift */; };
		4F74EFF41FA0839D007B005F /* HomeTableViewCell.swift in Sources */ = {isa = PBXBuildFile; fileRef = 4F74EFF31FA0839D007B005F /* HomeTableViewCell.swift */; };
		4F74EFF81FA0880E007B005F /* R.generated.swift in Sources */ = {isa = PBXBuildFile; fileRef = 4F74EFF71FA0880E007B005F /* R.generated.swift */; };
		B19AF509C9C8D4F1767C9FDA /* Pods_CatOnCloud_CatOnCloudTests.framework in Frameworks */ = {isa = PBXBuildFile; fileRef = 8D7ECEC17F8B0D73EF7BCD51 /* Pods_CatOnCloud_CatOnCloudTests.framework */; };
		C70A8B8B96DB51816E3CA1D2 /* Pods_CatOnCloud.framework in Frameworks */ = {isa = PBXBuildFile; fileRef = 49DC180AE823256BE43F0A44 /* Pods_CatOnCloud.framework */; };
		DB627856B4D3A15347E9BCAC /* Pods_CatOnCloudTests.framework in Frameworks */ = {isa = PBXBuildFile; fileRef = 4CFD89F06C949D1FC2ECDB45 /* Pods_CatOnCloudTests.framework */; };
/* End PBXBuildFile section */

/* Begin PBXContainerItemProxy section */
		4F68E1131F975415005776F6 /* PBXContainerItemProxy */ = {
			isa = PBXContainerItemProxy;
			containerPortal = 4F68E0ED1F9753D9005776F6 /* Project object */;
			proxyType = 1;
			remoteGlobalIDString = 4F68E0F41F9753D9005776F6;
			remoteInfo = CatOnCloud;
		};
		4F68E1211F975420005776F6 /* PBXContainerItemProxy */ = {
			isa = PBXContainerItemProxy;
			containerPortal = 4F68E0ED1F9753D9005776F6 /* Project object */;
			proxyType = 1;
			remoteGlobalIDString = 4F68E0F41F9753D9005776F6;
			remoteInfo = CatOnCloud;
		};
/* End PBXContainerItemProxy section */

/* Begin PBXFileReference section */
		0FB5F959D688101756FA6333 /* Pods-CatOnCloudUITests.debug.xcconfig */ = {isa = PBXFileReference; includeInIndex = 1; lastKnownFileType = text.xcconfig; name = "Pods-CatOnCloudUITests.debug.xcconfig"; path = "Pods/Target Support Files/Pods-CatOnCloudUITests/Pods-CatOnCloudUITests.debug.xcconfig"; sourceTree = "<group>"; };
		12D84DB767412BD96F2CFF04 /* Pods_CatOnCloud_CatOnCloudUITests.framework */ = {isa = PBXFileReference; explicitFileType = wrapper.framework; includeInIndex = 0; path = Pods_CatOnCloud_CatOnCloudUITests.framework; sourceTree = BUILT_PRODUCTS_DIR; };
		12EEB34A68D863DC3DE33155 /* Pods_CatOnCloudUITests.framework */ = {isa = PBXFileReference; explicitFileType = wrapper.framework; includeInIndex = 0; path = Pods_CatOnCloudUITests.framework; sourceTree = BUILT_PRODUCTS_DIR; };
		159F52DAEE47A292C426C536 /* Pods-CatOnCloud-CatOnCloudTests.release.xcconfig */ = {isa = PBXFileReference; includeInIndex = 1; lastKnownFileType = text.xcconfig; name = "Pods-CatOnCloud-CatOnCloudTests.release.xcconfig"; path = "Pods/Target Support Files/Pods-CatOnCloud-CatOnCloudTests/Pods-CatOnCloud-CatOnCloudTests.release.xcconfig"; sourceTree = "<group>"; };
		228F517E169631191AC9E20F /* Pods-CatOnCloudUITests.release.xcconfig */ = {isa = PBXFileReference; includeInIndex = 1; lastKnownFileType = text.xcconfig; name = "Pods-CatOnCloudUITests.release.xcconfig"; path = "Pods/Target Support Files/Pods-CatOnCloudUITests/Pods-CatOnCloudUITests.release.xcconfig"; sourceTree = "<group>"; };
		2395641E7E39B51F684DD47D /* Pods-CatOnCloud-CatOnCloudUITests.debug.xcconfig */ = {isa = PBXFileReference; includeInIndex = 1; lastKnownFileType = text.xcconfig; name = "Pods-CatOnCloud-CatOnCloudUITests.debug.xcconfig"; path = "Pods/Target Support Files/Pods-CatOnCloud-CatOnCloudUITests/Pods-CatOnCloud-CatOnCloudUITests.debug.xcconfig"; sourceTree = "<group>"; };
		4563010101183B006EAA2800 /* Pods-CatOnCloud.debug.xcconfig */ = {isa = PBXFileReference; includeInIndex = 1; lastKnownFileType = text.xcconfig; name = "Pods-CatOnCloud.debug.xcconfig"; path = "Pods/Target Support Files/Pods-CatOnCloud/Pods-CatOnCloud.debug.xcconfig"; sourceTree = "<group>"; };
		49DC180AE823256BE43F0A44 /* Pods_CatOnCloud.framework */ = {isa = PBXFileReference; explicitFileType = wrapper.framework; includeInIndex = 0; path = Pods_CatOnCloud.framework; sourceTree = BUILT_PRODUCTS_DIR; };
		49FDF93F33F123F8B4573FBE /* Pods-CatOnCloudTests.debug.xcconfig */ = {isa = PBXFileReference; includeInIndex = 1; lastKnownFileType = text.xcconfig; name = "Pods-CatOnCloudTests.debug.xcconfig"; path = "Pods/Target Support Files/Pods-CatOnCloudTests/Pods-CatOnCloudTests.debug.xcconfig"; sourceTree = "<group>"; };
		4CFD89F06C949D1FC2ECDB45 /* Pods_CatOnCloudTests.framework */ = {isa = PBXFileReference; explicitFileType = wrapper.framework; includeInIndex = 0; path = Pods_CatOnCloudTests.framework; sourceTree = BUILT_PRODUCTS_DIR; };
		4F68E0F51F9753D9005776F6 /* CatOnCloud.app */ = {isa = PBXFileReference; explicitFileType = wrapper.application; includeInIndex = 0; path = CatOnCloud.app; sourceTree = BUILT_PRODUCTS_DIR; };
		4F68E0F81F9753D9005776F6 /* AppDelegate.swift */ = {isa = PBXFileReference; lastKnownFileType = sourcecode.swift; path = AppDelegate.swift; sourceTree = "<group>"; };
		4F68E0FA1F9753D9005776F6 /* ViewController.swift */ = {isa = PBXFileReference; lastKnownFileType = sourcecode.swift; path = ViewController.swift; sourceTree = "<group>"; };
		4F68E0FD1F9753D9005776F6 /* Base */ = {isa = PBXFileReference; lastKnownFileType = file.storyboard; name = Base; path = Base.lproj/Main.storyboard; sourceTree = "<group>"; };
		4F68E1021F9753D9005776F6 /* Base */ = {isa = PBXFileReference; lastKnownFileType = file.storyboard; name = Base; path = Base.lproj/LaunchScreen.storyboard; sourceTree = "<group>"; };
		4F68E1041F9753D9005776F6 /* Info.plist */ = {isa = PBXFileReference; lastKnownFileType = text.plist.xml; path = Info.plist; sourceTree = "<group>"; };
		4F68E10E1F975415005776F6 /* CatOnCloudTests.xctest */ = {isa = PBXFileReference; explicitFileType = wrapper.cfbundle; includeInIndex = 0; path = CatOnCloudTests.xctest; sourceTree = BUILT_PRODUCTS_DIR; };
		4F68E1101F975415005776F6 /* CatOnCloudTests.swift */ = {isa = PBXFileReference; lastKnownFileType = sourcecode.swift; path = CatOnCloudTests.swift; sourceTree = "<group>"; };
		4F68E1121F975415005776F6 /* Info.plist */ = {isa = PBXFileReference; lastKnownFileType = text.plist.xml; path = Info.plist; sourceTree = "<group>"; };
		4F68E11C1F975420005776F6 /* CatOnCloudUITests.xctest */ = {isa = PBXFileReference; explicitFileType = wrapper.cfbundle; includeInIndex = 0; path = CatOnCloudUITests.xctest; sourceTree = BUILT_PRODUCTS_DIR; };
		4F68E11E1F975420005776F6 /* CatOnCloudUITests.swift */ = {isa = PBXFileReference; lastKnownFileType = sourcecode.swift; path = CatOnCloudUITests.swift; sourceTree = "<group>"; };
		4F68E1201F975420005776F6 /* Info.plist */ = {isa = PBXFileReference; lastKnownFileType = text.plist.xml; path = Info.plist; sourceTree = "<group>"; };
		4F68E1261F97585D005776F6 /* LoginViewModel.swift */ = {isa = PBXFileReference; lastKnownFileType = sourcecode.swift; path = LoginViewModel.swift; sourceTree = "<group>"; };
		4F68E1281F9758D0005776F6 /* LoginViewModelSpec.swift */ = {isa = PBXFileReference; lastKnownFileType = sourcecode.swift; path = LoginViewModelSpec.swift; sourceTree = "<group>"; };
		4F68E12A1F975E38005776F6 /* Assets.xcassets */ = {isa = PBXFileReference; lastKnownFileType = folder.assetcatalog; path = Assets.xcassets; sourceTree = "<group>"; };
		4F74EFE91F97608A007B005F /* CatViewController.swift */ = {isa = PBXFileReference; lastKnownFileType = sourcecode.swift; path = CatViewController.swift; sourceTree = "<group>"; };
		4F74EFEB1FA07F33007B005F /* HomeViewController.swift */ = {isa = PBXFileReference; lastKnownFileType = sourcecode.swift; path = HomeViewController.swift; sourceTree = "<group>"; };
		4F74EFED1FA07FFA007B005F /* HomeCellModel.swift */ = {isa = PBXFileReference; lastKnownFileType = sourcecode.swift; path = HomeCellModel.swift; sourceTree = "<group>"; };
		4F74EFEF1FA08088007B005F /* HomeViewModel.swift */ = {isa = PBXFileReference; lastKnownFileType = sourcecode.swift; path = HomeViewModel.swift; sourceTree = "<group>"; };
		4F74EFF11FA081BD007B005F /* HomeCellViewModel.swift */ = {isa = PBXFileReference; lastKnownFileType = sourcecode.swift; path = HomeCellViewModel.swift; sourceTree = "<group>"; };
		4F74EFF31FA0839D007B005F /* HomeTableViewCell.swift */ = {isa = PBXFileReference; lastKnownFileType = sourcecode.swift; path = HomeTableViewCell.swift; sourceTree = "<group>"; };
		4F74EFF71FA0880E007B005F /* R.generated.swift */ = {isa = PBXFileReference; fileEncoding = 4; lastKnownFileType = sourcecode.swift; path = R.generated.swift; sourceTree = "<group>"; };
		6D349B3007D5FABCB9A1C4AA /* Pods-CatOnCloud-CatOnCloudTests.debug.xcconfig */ = {isa = PBXFileReference; includeInIndex = 1; lastKnownFileType = text.xcconfig; name = "Pods-CatOnCloud-CatOnCloudTests.debug.xcconfig"; path = "Pods/Target Support Files/Pods-CatOnCloud-CatOnCloudTests/Pods-CatOnCloud-CatOnCloudTests.debug.xcconfig"; sourceTree = "<group>"; };
		8D7ECEC17F8B0D73EF7BCD51 /* Pods_CatOnCloud_CatOnCloudTests.framework */ = {isa = PBXFileReference; explicitFileType = wrapper.framework; includeInIndex = 0; path = Pods_CatOnCloud_CatOnCloudTests.framework; sourceTree = BUILT_PRODUCTS_DIR; };
		BD3D760A558F348A31141762 /* Pods-CatOnCloudTests.release.xcconfig */ = {isa = PBXFileReference; includeInIndex = 1; lastKnownFileType = text.xcconfig; name = "Pods-CatOnCloudTests.release.xcconfig"; path = "Pods/Target Support Files/Pods-CatOnCloudTests/Pods-CatOnCloudTests.release.xcconfig"; sourceTree = "<group>"; };
		E1FCE4D7C641D4E145BEF4E2 /* Pods-CatOnCloud.release.xcconfig */ = {isa = PBXFileReference; includeInIndex = 1; lastKnownFileType = text.xcconfig; name = "Pods-CatOnCloud.release.xcconfig"; path = "Pods/Target Support Files/Pods-CatOnCloud/Pods-CatOnCloud.release.xcconfig"; sourceTree = "<group>"; };
		F962C888ECD4AFBF6A9E459F /* Pods-CatOnCloud-CatOnCloudUITests.release.xcconfig */ = {isa = PBXFileReference; includeInIndex = 1; lastKnownFileType = text.xcconfig; name = "Pods-CatOnCloud-CatOnCloudUITests.release.xcconfig"; path = "Pods/Target Support Files/Pods-CatOnCloud-CatOnCloudUITests/Pods-CatOnCloud-CatOnCloudUITests.release.xcconfig"; sourceTree = "<group>"; };
/* End PBXFileReference section */

/* Begin PBXFrameworksBuildPhase section */
		4F68E0F21F9753D9005776F6 /* Frameworks */ = {
			isa = PBXFrameworksBuildPhase;
			buildActionMask = 2147483647;
			files = (
				C70A8B8B96DB51816E3CA1D2 /* Pods_CatOnCloud.framework in Frameworks */,
			);
			runOnlyForDeploymentPostprocessing = 0;
		};
		4F68E10B1F975415005776F6 /* Frameworks */ = {
			isa = PBXFrameworksBuildPhase;
			buildActionMask = 2147483647;
			files = (
				DB627856B4D3A15347E9BCAC /* Pods_CatOnCloudTests.framework in Frameworks */,
				B19AF509C9C8D4F1767C9FDA /* Pods_CatOnCloud_CatOnCloudTests.framework in Frameworks */,
			);
			runOnlyForDeploymentPostprocessing = 0;
		};
		4F68E1191F975420005776F6 /* Frameworks */ = {
			isa = PBXFrameworksBuildPhase;
			buildActionMask = 2147483647;
			files = (
				339C6DE615D4262774BCD91E /* Pods_CatOnCloudUITests.framework in Frameworks */,
				14A5832ADDF7A54C42E4282E /* Pods_CatOnCloud_CatOnCloudUITests.framework in Frameworks */,
			);
			runOnlyForDeploymentPostprocessing = 0;
		};
/* End PBXFrameworksBuildPhase section */

/* Begin PBXGroup section */
		0F79253293C728CF3446A4E3 /* Pods */ = {
			isa = PBXGroup;
			children = (
				49FDF93F33F123F8B4573FBE /* Pods-CatOnCloudTests.debug.xcconfig */,
				BD3D760A558F348A31141762 /* Pods-CatOnCloudTests.release.xcconfig */,
				0FB5F959D688101756FA6333 /* Pods-CatOnCloudUITests.debug.xcconfig */,
				228F517E169631191AC9E20F /* Pods-CatOnCloudUITests.release.xcconfig */,
				4563010101183B006EAA2800 /* Pods-CatOnCloud.debug.xcconfig */,
				E1FCE4D7C641D4E145BEF4E2 /* Pods-CatOnCloud.release.xcconfig */,
				6D349B3007D5FABCB9A1C4AA /* Pods-CatOnCloud-CatOnCloudTests.debug.xcconfig */,
				159F52DAEE47A292C426C536 /* Pods-CatOnCloud-CatOnCloudTests.release.xcconfig */,
				2395641E7E39B51F684DD47D /* Pods-CatOnCloud-CatOnCloudUITests.debug.xcconfig */,
				F962C888ECD4AFBF6A9E459F /* Pods-CatOnCloud-CatOnCloudUITests.release.xcconfig */,
			);
			name = Pods;
			sourceTree = "<group>";
		};
		4F68E0EC1F9753D9005776F6 = {
			isa = PBXGroup;
			children = (
				4F68E0F71F9753D9005776F6 /* CatOnCloud */,
				4F68E10F1F975415005776F6 /* CatOnCloudTests */,
				4F68E11D1F975420005776F6 /* CatOnCloudUITests */,
				771A32C52636D06775A4CE8E /* Frameworks */,
				0F79253293C728CF3446A4E3 /* Pods */,
				4F68E0F61F9753D9005776F6 /* Products */,
				4F74EFF71FA0880E007B005F /* R.generated.swift */,
			);
			sourceTree = "<group>";
		};
		4F68E0F61F9753D9005776F6 /* Products */ = {
			isa = PBXGroup;
			children = (
				4F68E0F51F9753D9005776F6 /* CatOnCloud.app */,
				4F68E10E1F975415005776F6 /* CatOnCloudTests.xctest */,
				4F68E11C1F975420005776F6 /* CatOnCloudUITests.xctest */,
			);
			name = Products;
			sourceTree = "<group>";
		};
		4F68E0F71F9753D9005776F6 /* CatOnCloud */ = {
			isa = PBXGroup;
			children = (
				4F68E0F81F9753D9005776F6 /* AppDelegate.swift */,
				4F68E12A1F975E38005776F6 /* Assets.xcassets */,
				4F74EFE91F97608A007B005F /* CatViewController.swift */,
				4F74EFED1FA07FFA007B005F /* HomeCellModel.swift */,
				4F74EFF11FA081BD007B005F /* HomeCellViewModel.swift */,
				4F74EFF31FA0839D007B005F /* HomeTableViewCell.swift */,
				4F74EFEB1FA07F33007B005F /* HomeViewController.swift */,
				4F74EFEF1FA08088007B005F /* HomeViewModel.swift */,
				4F68E1041F9753D9005776F6 /* Info.plist */,
				4F68E1011F9753D9005776F6 /* LaunchScreen.storyboard */,
				4F68E1261F97585D005776F6 /* LoginViewModel.swift */,
				4F68E0FC1F9753D9005776F6 /* Main.storyboard */,
				4F68E0FA1F9753D9005776F6 /* ViewController.swift */,
			);
			path = CatOnCloud;
			sourceTree = "<group>";
		};
		4F68E10F1F975415005776F6 /* CatOnCloudTests */ = {
			isa = PBXGroup;
			children = (
				4F68E1101F975415005776F6 /* CatOnCloudTests.swift */,
				4F68E1121F975415005776F6 /* Info.plist */,
				4F68E1281F9758D0005776F6 /* LoginViewModelSpec.swift */,
			);
			path = CatOnCloudTests;
			sourceTree = "<group>";
		};
		4F68E11D1F975420005776F6 /* CatOnCloudUITests */ = {
			isa = PBXGroup;
			children = (
				4F68E11E1F975420005776F6 /* CatOnCloudUITests.swift */,
				4F68E1201F975420005776F6 /* Info.plist */,
			);
			path = CatOnCloudUITests;
			sourceTree = "<group>";
		};
		771A32C52636D06775A4CE8E /* Frameworks */ = {
			isa = PBXGroup;
			children = (
				4CFD89F06C949D1FC2ECDB45 /* Pods_CatOnCloudTests.framework */,
				12EEB34A68D863DC3DE33155 /* Pods_CatOnCloudUITests.framework */,
				49DC180AE823256BE43F0A44 /* Pods_CatOnCloud.framework */,
				8D7ECEC17F8B0D73EF7BCD51 /* Pods_CatOnCloud_CatOnCloudTests.framework */,
				12D84DB767412BD96F2CFF04 /* Pods_CatOnCloud_CatOnCloudUITests.framework */,
			);
			name = Frameworks;
			sourceTree = "<group>";
		};
/* End PBXGroup section */

/* Begin PBXNativeTarget section */
		4F68E0F41F9753D9005776F6 /* CatOnCloud */ = {
			isa = PBXNativeTarget;
			buildConfigurationList = 4F68E1071F9753D9005776F6 /* Build configuration list for PBXNativeTarget "CatOnCloud" */;
			buildPhases = (
				D10A2CF64A4CD76B28E85E01 /* [CP] Check Pods Manifest.lock */,
				4F74EFF61FA087C3007B005F /* ShellScript */,
				4F68E0F11F9753D9005776F6 /* Sources */,
				4F68E0F21F9753D9005776F6 /* Frameworks */,
				4F68E0F31F9753D9005776F6 /* Resources */,
				0F3B3D71CD75870B682AF238 /* [CP] Embed Pods Frameworks */,
				F6AF97F8B62D2CD153A64C54 /* [CP] Copy Pods Resources */,
			);
			buildRules = (
			);
			dependencies = (
			);
			name = CatOnCloud;
			productName = CatOnCloud;
			productReference = 4F68E0F51F9753D9005776F6 /* CatOnCloud.app */;
			productType = "com.apple.product-type.application";
		};
		4F68E10D1F975415005776F6 /* CatOnCloudTests */ = {
			isa = PBXNativeTarget;
			buildConfigurationList = 4F68E1151F975415005776F6 /* Build configuration list for PBXNativeTarget "CatOnCloudTests" */;
			buildPhases = (
				6C17CC5F02CED6819D6241EA /* [CP] Check Pods Manifest.lock */,
				4F68E10A1F975415005776F6 /* Sources */,
				4F68E10B1F975415005776F6 /* Frameworks */,
				4F68E10C1F975415005776F6 /* Resources */,
				7CC3F8B64A3BD15812A8200C /* [CP] Embed Pods Frameworks */,
				85435D1550AE86068B03C527 /* [CP] Copy Pods Resources */,
			);
			buildRules = (
			);
			dependencies = (
				4F68E1141F975415005776F6 /* PBXTargetDependency */,
			);
			name = CatOnCloudTests;
			productName = CatOnCloudTests;
			productReference = 4F68E10E1F975415005776F6 /* CatOnCloudTests.xctest */;
			productType = "com.apple.product-type.bundle.unit-test";
		};
		4F68E11B1F975420005776F6 /* CatOnCloudUITests */ = {
			isa = PBXNativeTarget;
			buildConfigurationList = 4F68E1231F975420005776F6 /* Build configuration list for PBXNativeTarget "CatOnCloudUITests" */;
			buildPhases = (
				BF358C0B331338B0B6D6E20F /* [CP] Check Pods Manifest.lock */,
				4F68E1181F975420005776F6 /* Sources */,
				4F68E1191F975420005776F6 /* Frameworks */,
				4F68E11A1F975420005776F6 /* Resources */,
				971339B773433F0F1BA53EAA /* [CP] Embed Pods Frameworks */,
				025F2976A1B96D17A6EC21C0 /* [CP] Copy Pods Resources */,
			);
			buildRules = (
			);
			dependencies = (
				4F68E1221F975420005776F6 /* PBXTargetDependency */,
			);
			name = CatOnCloudUITests;
			productName = CatOnCloudUITests;
			productReference = 4F68E11C1F975420005776F6 /* CatOnCloudUITests.xctest */;
			productType = "com.apple.product-type.bundle.ui-testing";
		};
/* End PBXNativeTarget section */

/* Begin PBXProject section */
		4F68E0ED1F9753D9005776F6 /* Project object */ = {
			isa = PBXProject;
			attributes = {
				LastSwiftUpdateCheck = 0900;
				LastUpgradeCheck = 0900;
				ORGANIZATIONNAME = "Xingxin Zeng ";
				TargetAttributes = {
					4F68E0F41F9753D9005776F6 = {
						CreatedOnToolsVersion = 9.0.1;
						ProvisioningStyle = Automatic;
					};
					4F68E10D1F975415005776F6 = {
						CreatedOnToolsVersion = 9.0.1;
						ProvisioningStyle = Automatic;
						TestTargetID = 4F68E0F41F9753D9005776F6;
					};
					4F68E11B1F975420005776F6 = {
						CreatedOnToolsVersion = 9.0.1;
						ProvisioningStyle = Automatic;
						TestTargetID = 4F68E0F41F9753D9005776F6;
					};
				};
			};
			buildConfigurationList = 4F68E0F01F9753D9005776F6 /* Build configuration list for PBXProject "CatOnCloud" */;
			compatibilityVersion = "Xcode 8.0";
			developmentRegion = en;
			hasScannedForEncodings = 0;
			knownRegions = (
				en,
				Base,
			);
			mainGroup = 4F68E0EC1F9753D9005776F6;
			productRefGroup = 4F68E0F61F9753D9005776F6 /* Products */;
			projectDirPath = "";
			projectRoot = "";
			targets = (
				4F68E0F41F9753D9005776F6 /* CatOnCloud */,
				4F68E10D1F975415005776F6 /* CatOnCloudTests */,
				4F68E11B1F975420005776F6 /* CatOnCloudUITests */,
			);
		};
/* End PBXProject section */

/* Begin PBXResourcesBuildPhase section */
		4F68E0F31F9753D9005776F6 /* Resources */ = {
			isa = PBXResourcesBuildPhase;
			buildActionMask = 2147483647;
			files = (
				4F68E1031F9753D9005776F6 /* LaunchScreen.storyboard in Resources */,
				4F68E12B1F975E38005776F6 /* Assets.xcassets in Resources */,
				4F68E0FE1F9753D9005776F6 /* Main.storyboard in Resources */,
			);
			runOnlyForDeploymentPostprocessing = 0;
		};
		4F68E10C1F975415005776F6 /* Resources */ = {
			isa = PBXResourcesBuildPhase;
			buildActionMask = 2147483647;
			files = (
			);
			runOnlyForDeploymentPostprocessing = 0;
		};
		4F68E11A1F975420005776F6 /* Resources */ = {
			isa = PBXResourcesBuildPhase;
			buildActionMask = 2147483647;
			files = (
			);
			runOnlyForDeploymentPostprocessing = 0;
		};
/* End PBXResourcesBuildPhase section */

/* Begin PBXShellScriptBuildPhase section */
		025F2976A1B96D17A6EC21C0 /* [CP] Copy Pods Resources */ = {
			isa = PBXShellScriptBuildPhase;
			buildActionMask = 2147483647;
			files = (
			);
			inputPaths = (
			);
			name = "[CP] Copy Pods Resources";
			outputPaths = (
			);
			runOnlyForDeploymentPostprocessing = 0;
			shellPath = /bin/sh;
			shellScript = "\"${SRCROOT}/Pods/Target Support Files/Pods-CatOnCloud-CatOnCloudUITests/Pods-CatOnCloud-CatOnCloudUITests-resources.sh\"\n";
			showEnvVarsInLog = 0;
		};
		0F3B3D71CD75870B682AF238 /* [CP] Embed Pods Frameworks */ = {
			isa = PBXShellScriptBuildPhase;
			buildActionMask = 2147483647;
			files = (
			);
			inputPaths = (
				"${SRCROOT}/Pods/Target Support Files/Pods-CatOnCloud/Pods-CatOnCloud-frameworks.sh",
				"${BUILT_PRODUCTS_DIR}/R.swift.Library/Rswift.framework",
			);
			name = "[CP] Embed Pods Frameworks";
			outputPaths = (
				"${TARGET_BUILD_DIR}/${FRAMEWORKS_FOLDER_PATH}/Rswift.framework",
			);
			runOnlyForDeploymentPostprocessing = 0;
			shellPath = /bin/sh;
			shellScript = "\"${SRCROOT}/Pods/Target Support Files/Pods-CatOnCloud/Pods-CatOnCloud-frameworks.sh\"\n";
			showEnvVarsInLog = 0;
		};
		4F74EFF61FA087C3007B005F /* ShellScript */ = {
			isa = PBXShellScriptBuildPhase;
			buildActionMask = 2147483647;
			files = (
			);
			inputPaths = (
			);
			outputPaths = (
			);
			runOnlyForDeploymentPostprocessing = 0;
			shellPath = /bin/sh;
			shellScript = "\"$PODS_ROOT/R.swift/rswift\" generate \"$SRCROOT\"\n";
		};
		6C17CC5F02CED6819D6241EA /* [CP] Check Pods Manifest.lock */ = {
			isa = PBXShellScriptBuildPhase;
			buildActionMask = 2147483647;
			files = (
			);
			inputPaths = (
				"${PODS_PODFILE_DIR_PATH}/Podfile.lock",
				"${PODS_ROOT}/Manifest.lock",
			);
			name = "[CP] Check Pods Manifest.lock";
			outputPaths = (
				"$(DERIVED_FILE_DIR)/Pods-CatOnCloud-CatOnCloudTests-checkManifestLockResult.txt",
			);
			runOnlyForDeploymentPostprocessing = 0;
			shellPath = /bin/sh;
			shellScript = "diff \"${PODS_PODFILE_DIR_PATH}/Podfile.lock\" \"${PODS_ROOT}/Manifest.lock\" > /dev/null\nif [ $? != 0 ] ; then\n    # print error to STDERR\n    echo \"error: The sandbox is not in sync with the Podfile.lock. Run 'pod install' or update your CocoaPods installation.\" >&2\n    exit 1\nfi\n# This output is used by Xcode 'outputs' to avoid re-running this script phase.\necho \"SUCCESS\" > \"${SCRIPT_OUTPUT_FILE_0}\"\n";
			showEnvVarsInLog = 0;
		};
		7CC3F8B64A3BD15812A8200C /* [CP] Embed Pods Frameworks */ = {
			isa = PBXShellScriptBuildPhase;
			buildActionMask = 2147483647;
			files = (
			);
			inputPaths = (
				"${SRCROOT}/Pods/Target Support Files/Pods-CatOnCloud-CatOnCloudTests/Pods-CatOnCloud-CatOnCloudTests-frameworks.sh",
				"${BUILT_PRODUCTS_DIR}/R.swift.Library/Rswift.framework",
				"${BUILT_PRODUCTS_DIR}/Nimble/Nimble.framework",
				"${BUILT_PRODUCTS_DIR}/Quick/Quick.framework",
			);
			name = "[CP] Embed Pods Frameworks";
			outputPaths = (
				"${TARGET_BUILD_DIR}/${FRAMEWORKS_FOLDER_PATH}/Rswift.framework",
				"${TARGET_BUILD_DIR}/${FRAMEWORKS_FOLDER_PATH}/Nimble.framework",
				"${TARGET_BUILD_DIR}/${FRAMEWORKS_FOLDER_PATH}/Quick.framework",
			);
			runOnlyForDeploymentPostprocessing = 0;
			shellPath = /bin/sh;
			shellScript = "\"${SRCROOT}/Pods/Target Support Files/Pods-CatOnCloud-CatOnCloudTests/Pods-CatOnCloud-CatOnCloudTests-frameworks.sh\"\n";
			showEnvVarsInLog = 0;
		};
		85435D1550AE86068B03C527 /* [CP] Copy Pods Resources */ = {
			isa = PBXShellScriptBuildPhase;
			buildActionMask = 2147483647;
			files = (
			);
			inputPaths = (
			);
			name = "[CP] Copy Pods Resources";
			outputPaths = (
			);
			runOnlyForDeploymentPostprocessing = 0;
			shellPath = /bin/sh;
			shellScript = "\"${SRCROOT}/Pods/Target Support Files/Pods-CatOnCloud-CatOnCloudTests/Pods-CatOnCloud-CatOnCloudTests-resources.sh\"\n";
			showEnvVarsInLog = 0;
		};
		971339B773433F0F1BA53EAA /* [CP] Embed Pods Frameworks */ = {
			isa = PBXShellScriptBuildPhase;
			buildActionMask = 2147483647;
			files = (
			);
			inputPaths = (
				"${SRCROOT}/Pods/Target Support Files/Pods-CatOnCloud-CatOnCloudUITests/Pods-CatOnCloud-CatOnCloudUITests-frameworks.sh",
				"${BUILT_PRODUCTS_DIR}/R.swift.Library/Rswift.framework",
				"${BUILT_PRODUCTS_DIR}/Nimble/Nimble.framework",
				"${BUILT_PRODUCTS_DIR}/Quick/Quick.framework",
			);
			name = "[CP] Embed Pods Frameworks";
			outputPaths = (
				"${TARGET_BUILD_DIR}/${FRAMEWORKS_FOLDER_PATH}/Rswift.framework",
				"${TARGET_BUILD_DIR}/${FRAMEWORKS_FOLDER_PATH}/Nimble.framework",
				"${TARGET_BUILD_DIR}/${FRAMEWORKS_FOLDER_PATH}/Quick.framework",
			);
			runOnlyForDeploymentPostprocessing = 0;
			shellPath = /bin/sh;
			shellScript = "\"${SRCROOT}/Pods/Target Support Files/Pods-CatOnCloud-CatOnCloudUITests/Pods-CatOnCloud-CatOnCloudUITests-frameworks.sh\"\n";
			showEnvVarsInLog = 0;
		};
		BF358C0B331338B0B6D6E20F /* [CP] Check Pods Manifest.lock */ = {
			isa = PBXShellScriptBuildPhase;
			buildActionMask = 2147483647;
			files = (
			);
			inputPaths = (
				"${PODS_PODFILE_DIR_PATH}/Podfile.lock",
				"${PODS_ROOT}/Manifest.lock",
			);
			name = "[CP] Check Pods Manifest.lock";
			outputPaths = (
				"$(DERIVED_FILE_DIR)/Pods-CatOnCloud-CatOnCloudUITests-checkManifestLockResult.txt",
			);
			runOnlyForDeploymentPostprocessing = 0;
			shellPath = /bin/sh;
			shellScript = "diff \"${PODS_PODFILE_DIR_PATH}/Podfile.lock\" \"${PODS_ROOT}/Manifest.lock\" > /dev/null\nif [ $? != 0 ] ; then\n    # print error to STDERR\n    echo \"error: The sandbox is not in sync with the Podfile.lock. Run 'pod install' or update your CocoaPods installation.\" >&2\n    exit 1\nfi\n# This output is used by Xcode 'outputs' to avoid re-running this script phase.\necho \"SUCCESS\" > \"${SCRIPT_OUTPUT_FILE_0}\"\n";
			showEnvVarsInLog = 0;
		};
		D10A2CF64A4CD76B28E85E01 /* [CP] Check Pods Manifest.lock */ = {
			isa = PBXShellScriptBuildPhase;
			buildActionMask = 2147483647;
			files = (
			);
			inputPaths = (
				"${PODS_PODFILE_DIR_PATH}/Podfile.lock",
				"${PODS_ROOT}/Manifest.lock",
			);
			name = "[CP] Check Pods Manifest.lock";
			outputPaths = (
				"$(DERIVED_FILE_DIR)/Pods-CatOnCloud-checkManifestLockResult.txt",
			);
			runOnlyForDeploymentPostprocessing = 0;
			shellPath = /bin/sh;
			shellScript = "diff \"${PODS_PODFILE_DIR_PATH}/Podfile.lock\" \"${PODS_ROOT}/Manifest.lock\" > /dev/null\nif [ $? != 0 ] ; then\n    # print error to STDERR\n    echo \"error: The sandbox is not in sync with the Podfile.lock. Run 'pod install' or update your CocoaPods installation.\" >&2\n    exit 1\nfi\n# This output is used by Xcode 'outputs' to avoid re-running this script phase.\necho \"SUCCESS\" > \"${SCRIPT_OUTPUT_FILE_0}\"\n";
			showEnvVarsInLog = 0;
		};
		F6AF97F8B62D2CD153A64C54 /* [CP] Copy Pods Resources */ = {
			isa = PBXShellScriptBuildPhase;
			buildActionMask = 2147483647;
			files = (
			);
			inputPaths = (
			);
			name = "[CP] Copy Pods Resources";
			outputPaths = (
			);
			runOnlyForDeploymentPostprocessing = 0;
			shellPath = /bin/sh;
			shellScript = "\"${SRCROOT}/Pods/Target Support Files/Pods-CatOnCloud/Pods-CatOnCloud-resources.sh\"\n";
			showEnvVarsInLog = 0;
		};
/* End PBXShellScriptBuildPhase section */

/* Begin PBXSourcesBuildPhase section */
		4F68E0F11F9753D9005776F6 /* Sources */ = {
			isa = PBXSourcesBuildPhase;
			buildActionMask = 2147483647;
			files = (
				4F74EFEC1FA07F33007B005F /* HomeViewController.swift in Sources */,
				4F68E0FB1F9753D9005776F6 /* ViewController.swift in Sources */,
				4F74EFF01FA08088007B005F /* HomeViewModel.swift in Sources */,
				4F74EFEE1FA07FFA007B005F /* HomeCellModel.swift in Sources */,
				4F74EFEA1F97608A007B005F /* CatViewController.swift in Sources */,
				4F68E0F91F9753D9005776F6 /* AppDelegate.swift in Sources */,
				4F74EFF41FA0839D007B005F /* HomeTableViewCell.swift in Sources */,
				4F74EFF81FA0880E007B005F /* R.generated.swift in Sources */,
				4F68E1271F97585D005776F6 /* LoginViewModel.swift in Sources */,
				4F74EFF21FA081BD007B005F /* HomeCellViewModel.swift in Sources */,
			);
			runOnlyForDeploymentPostprocessing = 0;
		};
		4F68E10A1F975415005776F6 /* Sources */ = {
			isa = PBXSourcesBuildPhase;
			buildActionMask = 2147483647;
			files = (
				4F68E1111F975415005776F6 /* CatOnCloudTests.swift in Sources */,
				4F68E1291F9758D0005776F6 /* LoginViewModelSpec.swift in Sources */,
			);
			runOnlyForDeploymentPostprocessing = 0;
		};
		4F68E1181F975420005776F6 /* Sources */ = {
			isa = PBXSourcesBuildPhase;
			buildActionMask = 2147483647;
			files = (
				4F68E11F1F975420005776F6 /* CatOnCloudUITests.swift in Sources */,
			);
			runOnlyForDeploymentPostprocessing = 0;
		};
/* End PBXSourcesBuildPhase section */

/* Begin PBXTargetDependency section */
		4F68E1141F975415005776F6 /* PBXTargetDependency */ = {
			isa = PBXTargetDependency;
			target = 4F68E0F41F9753D9005776F6 /* CatOnCloud */;
			targetProxy = 4F68E1131F975415005776F6 /* PBXContainerItemProxy */;
		};
		4F68E1221F975420005776F6 /* PBXTargetDependency */ = {
			isa = PBXTargetDependency;
			target = 4F68E0F41F9753D9005776F6 /* CatOnCloud */;
			targetProxy = 4F68E1211F975420005776F6 /* PBXContainerItemProxy */;
		};
/* End PBXTargetDependency section */

/* Begin PBXVariantGroup section */
		4F68E0FC1F9753D9005776F6 /* Main.storyboard */ = {
			isa = PBXVariantGroup;
			children = (
				4F68E0FD1F9753D9005776F6 /* Base */,
			);
			name = Main.storyboard;
			path = .;
			sourceTree = "<group>";
		};
		4F68E1011F9753D9005776F6 /* LaunchScreen.storyboard */ = {
			isa = PBXVariantGroup;
			children = (
				4F68E1021F9753D9005776F6 /* Base */,
			);
			name = LaunchScreen.storyboard;
			path = .;
			sourceTree = "<group>";
		};
/* End PBXVariantGroup section */

/* Begin XCBuildConfiguration section */
		4F68E1051F9753D9005776F6 /* Debug */ = {
			isa = XCBuildConfiguration;
			buildSettings = {
				ALWAYS_SEARCH_USER_PATHS = NO;
				CLANG_ANALYZER_NONNULL = YES;
				CLANG_ANALYZER_NUMBER_OBJECT_CONVERSION = YES_AGGRESSIVE;
				CLANG_CXX_LANGUAGE_STANDARD = "gnu++14";
				CLANG_CXX_LIBRARY = "libc++";
				CLANG_ENABLE_MODULES = YES;
				CLANG_ENABLE_OBJC_ARC = YES;
				CLANG_WARN_BLOCK_CAPTURE_AUTORELEASING = YES;
				CLANG_WARN_BOOL_CONVERSION = YES;
				CLANG_WARN_COMMA = YES;
				CLANG_WARN_CONSTANT_CONVERSION = YES;
				CLANG_WARN_DIRECT_OBJC_ISA_USAGE = YES_ERROR;
				CLANG_WARN_DOCUMENTATION_COMMENTS = YES;
				CLANG_WARN_EMPTY_BODY = YES;
				CLANG_WARN_ENUM_CONVERSION = YES;
				CLANG_WARN_INFINITE_RECURSION = YES;
				CLANG_WARN_INT_CONVERSION = YES;
				CLANG_WARN_NON_LITERAL_NULL_CONVERSION = YES;
				CLANG_WARN_OBJC_LITERAL_CONVERSION = YES;
				CLANG_WARN_OBJC_ROOT_CLASS = YES_ERROR;
				CLANG_WARN_RANGE_LOOP_ANALYSIS = YES;
				CLANG_WARN_STRICT_PROTOTYPES = YES;
				CLANG_WARN_SUSPICIOUS_MOVE = YES;
				CLANG_WARN_UNGUARDED_AVAILABILITY = YES_AGGRESSIVE;
				CLANG_WARN_UNREACHABLE_CODE = YES;
				CLANG_WARN__DUPLICATE_METHOD_MATCH = YES;
				CODE_SIGN_IDENTITY = "iPhone Developer";
				COPY_PHASE_STRIP = NO;
				DEBUG_INFORMATION_FORMAT = dwarf;
				ENABLE_STRICT_OBJC_MSGSEND = YES;
				ENABLE_TESTABILITY = YES;
				GCC_C_LANGUAGE_STANDARD = gnu11;
				GCC_DYNAMIC_NO_PIC = NO;
				GCC_NO_COMMON_BLOCKS = YES;
				GCC_OPTIMIZATION_LEVEL = 0;
				GCC_PREPROCESSOR_DEFINITIONS = (
					"DEBUG=1",
					"$(inherited)",
				);
				GCC_WARN_64_TO_32_BIT_CONVERSION = YES;
				GCC_WARN_ABOUT_RETURN_TYPE = YES_ERROR;
				GCC_WARN_UNDECLARED_SELECTOR = YES;
				GCC_WARN_UNINITIALIZED_AUTOS = YES_AGGRESSIVE;
				GCC_WARN_UNUSED_FUNCTION = YES;
				GCC_WARN_UNUSED_VARIABLE = YES;
				IPHONEOS_DEPLOYMENT_TARGET = 11.0;
				MTL_ENABLE_DEBUG_INFO = YES;
				ONLY_ACTIVE_ARCH = YES;
				SDKROOT = iphoneos;
				SWIFT_ACTIVE_COMPILATION_CONDITIONS = DEBUG;
				SWIFT_OPTIMIZATION_LEVEL = "-Onone";
			};
			name = Debug;
		};
		4F68E1061F9753D9005776F6 /* Release */ = {
			isa = XCBuildConfiguration;
			buildSettings = {
				ALWAYS_SEARCH_USER_PATHS = NO;
				CLANG_ANALYZER_NONNULL = YES;
				CLANG_ANALYZER_NUMBER_OBJECT_CONVERSION = YES_AGGRESSIVE;
				CLANG_CXX_LANGUAGE_STANDARD = "gnu++14";
				CLANG_CXX_LIBRARY = "libc++";
				CLANG_ENABLE_MODULES = YES;
				CLANG_ENABLE_OBJC_ARC = YES;
				CLANG_WARN_BLOCK_CAPTURE_AUTORELEASING = YES;
				CLANG_WARN_BOOL_CONVERSION = YES;
				CLANG_WARN_COMMA = YES;
				CLANG_WARN_CONSTANT_CONVERSION = YES;
				CLANG_WARN_DIRECT_OBJC_ISA_USAGE = YES_ERROR;
				CLANG_WARN_DOCUMENTATION_COMMENTS = YES;
				CLANG_WARN_EMPTY_BODY = YES;
				CLANG_WARN_ENUM_CONVERSION = YES;
				CLANG_WARN_INFINITE_RECURSION = YES;
				CLANG_WARN_INT_CONVERSION = YES;
				CLANG_WARN_NON_LITERAL_NULL_CONVERSION = YES;
				CLANG_WARN_OBJC_LITERAL_CONVERSION = YES;
				CLANG_WARN_OBJC_ROOT_CLASS = YES_ERROR;
				CLANG_WARN_RANGE_LOOP_ANALYSIS = YES;
				CLANG_WARN_STRICT_PROTOTYPES = YES;
				CLANG_WARN_SUSPICIOUS_MOVE = YES;
				CLANG_WARN_UNGUARDED_AVAILABILITY = YES_AGGRESSIVE;
				CLANG_WARN_UNREACHABLE_CODE = YES;
				CLANG_WARN__DUPLICATE_METHOD_MATCH = YES;
				CODE_SIGN_IDENTITY = "iPhone Developer";
				COPY_PHASE_STRIP = NO;
				DEBUG_INFORMATION_FORMAT = "dwarf-with-dsym";
				ENABLE_NS_ASSERTIONS = NO;
				ENABLE_STRICT_OBJC_MSGSEND = YES;
				GCC_C_LANGUAGE_STANDARD = gnu11;
				GCC_NO_COMMON_BLOCKS = YES;
				GCC_WARN_64_TO_32_BIT_CONVERSION = YES;
				GCC_WARN_ABOUT_RETURN_TYPE = YES_ERROR;
				GCC_WARN_UNDECLARED_SELECTOR = YES;
				GCC_WARN_UNINITIALIZED_AUTOS = YES_AGGRESSIVE;
				GCC_WARN_UNUSED_FUNCTION = YES;
				GCC_WARN_UNUSED_VARIABLE = YES;
				IPHONEOS_DEPLOYMENT_TARGET = 11.0;
				MTL_ENABLE_DEBUG_INFO = NO;
				SDKROOT = iphoneos;
				SWIFT_OPTIMIZATION_LEVEL = "-Owholemodule";
				VALIDATE_PRODUCT = YES;
			};
			name = Release;
		};
		4F68E1081F9753D9005776F6 /* Debug */ = {
			isa = XCBuildConfiguration;
			baseConfigurationReference = 4563010101183B006EAA2800 /* Pods-CatOnCloud.debug.xcconfig */;
			buildSettings = {
				ASSETCATALOG_COMPILER_APPICON_NAME = AppIcon;
				CODE_SIGN_STYLE = Automatic;
				INFOPLIST_FILE = CatOnCloud/Info.plist;
				LD_RUNPATH_SEARCH_PATHS = "$(inherited) @executable_path/Frameworks";
				PRODUCT_BUNDLE_IDENTIFIER = com.TW.CatOnCloud;
				PRODUCT_NAME = "$(TARGET_NAME)";
				SWIFT_VERSION = 4.0;
				TARGETED_DEVICE_FAMILY = "1,2";
			};
			name = Debug;
		};
		4F68E1091F9753D9005776F6 /* Release */ = {
			isa = XCBuildConfiguration;
			baseConfigurationReference = E1FCE4D7C641D4E145BEF4E2 /* Pods-CatOnCloud.release.xcconfig */;
			buildSettings = {
				ASSETCATALOG_COMPILER_APPICON_NAME = AppIcon;
				CODE_SIGN_STYLE = Automatic;
				INFOPLIST_FILE = CatOnCloud/Info.plist;
				LD_RUNPATH_SEARCH_PATHS = "$(inherited) @executable_path/Frameworks";
				PRODUCT_BUNDLE_IDENTIFIER = com.TW.CatOnCloud;
				PRODUCT_NAME = "$(TARGET_NAME)";
				SWIFT_VERSION = 4.0;
				TARGETED_DEVICE_FAMILY = "1,2";
			};
			name = Release;
		};
		4F68E1161F975415005776F6 /* Debug */ = {
			isa = XCBuildConfiguration;
			baseConfigurationReference = 6D349B3007D5FABCB9A1C4AA /* Pods-CatOnCloud-CatOnCloudTests.debug.xcconfig */;
			buildSettings = {
				BUNDLE_LOADER = "$(TEST_HOST)";
				CODE_SIGN_STYLE = Automatic;
				INFOPLIST_FILE = CatOnCloudTests/Info.plist;
				LD_RUNPATH_SEARCH_PATHS = "$(inherited) @executable_path/Frameworks @loader_path/Frameworks";
				PRODUCT_BUNDLE_IDENTIFIER = com.TW.CatOnCloudTests;
				PRODUCT_NAME = "$(TARGET_NAME)";
				SWIFT_VERSION = 4.0;
				TARGETED_DEVICE_FAMILY = "1,2";
				TEST_HOST = "$(BUILT_PRODUCTS_DIR)/CatOnCloud.app/CatOnCloud";
			};
			name = Debug;
		};
		4F68E1171F975415005776F6 /* Release */ = {
			isa = XCBuildConfiguration;
			baseConfigurationReference = 159F52DAEE47A292C426C536 /* Pods-CatOnCloud-CatOnCloudTests.release.xcconfig */;
			buildSettings = {
				BUNDLE_LOADER = "$(TEST_HOST)";
				CODE_SIGN_STYLE = Automatic;
				INFOPLIST_FILE = CatOnCloudTests/Info.plist;
				LD_RUNPATH_SEARCH_PATHS = "$(inherited) @executable_path/Frameworks @loader_path/Frameworks";
				PRODUCT_BUNDLE_IDENTIFIER = com.TW.CatOnCloudTests;
				PRODUCT_NAME = "$(TARGET_NAME)";
				SWIFT_VERSION = 4.0;
				TARGETED_DEVICE_FAMILY = "1,2";
				TEST_HOST = "$(BUILT_PRODUCTS_DIR)/CatOnCloud.app/CatOnCloud";
			};
			name = Release;
		};
		4F68E1241F975420005776F6 /* Debug */ = {
			isa = XCBuildConfiguration;
			baseConfigurationReference = 2395641E7E39B51F684DD47D /* Pods-CatOnCloud-CatOnCloudUITests.debug.xcconfig */;
			buildSettings = {
				CODE_SIGN_STYLE = Automatic;
				INFOPLIST_FILE = CatOnCloudUITests/Info.plist;
				LD_RUNPATH_SEARCH_PATHS = "$(inherited) @executable_path/Frameworks @loader_path/Frameworks";
				PRODUCT_BUNDLE_IDENTIFIER = com.TW.CatOnCloudUITests;
				PRODUCT_NAME = "$(TARGET_NAME)";
				SWIFT_VERSION = 4.0;
				TARGETED_DEVICE_FAMILY = "1,2";
				TEST_TARGET_NAME = CatOnCloud;
			};
			name = Debug;
		};
		4F68E1251F975420005776F6 /* Release */ = {
			isa = XCBuildConfiguration;
			baseConfigurationReference = F962C888ECD4AFBF6A9E459F /* Pods-CatOnCloud-CatOnCloudUITests.release.xcconfig */;
			buildSettings = {
				CODE_SIGN_STYLE = Automatic;
				INFOPLIST_FILE = CatOnCloudUITests/Info.plist;
				LD_RUNPATH_SEARCH_PATHS = "$(inherited) @executable_path/Frameworks @loader_path/Frameworks";
				PRODUCT_BUNDLE_IDENTIFIER = com.TW.CatOnCloudUITests;
				PRODUCT_NAME = "$(TARGET_NAME)";
				SWIFT_VERSION = 4.0;
				TARGETED_DEVICE_FAMILY = "1,2";
				TEST_TARGET_NAME = CatOnCloud;
			};
			name = Release;
		};
/* End XCBuildConfiguration section */

/* Begin XCConfigurationList section */
		4F68E0F01F9753D9005776F6 /* Build configuration list for PBXProject "CatOnCloud" */ = {
			isa = XCConfigurationList;
			buildConfigurations = (
				4F68E1051F9753D9005776F6 /* Debug */,
				4F68E1061F9753D9005776F6 /* Release */,
			);
			defaultConfigurationIsVisible = 0;
			defaultConfigurationName = Release;
		};
		4F68E1071F9753D9005776F6 /* Build configuration list for PBXNativeTarget "CatOnCloud" */ = {
			isa = XCConfigurationList;
			buildConfigurations = (
				4F68E1081F9753D9005776F6 /* Debug */,
				4F68E1091F9753D9005776F6 /* Release */,
			);
			defaultConfigurationIsVisible = 0;
			defaultConfigurationName = Release;
		};
		4F68E1151F975415005776F6 /* Build configuration list for PBXNativeTarget "CatOnCloudTests" */ = {
			isa = XCConfigurationList;
			buildConfigurations = (
				4F68E1161F975415005776F6 /* Debug */,
				4F68E1171F975415005776F6 /* Release */,
			);
			defaultConfigurationIsVisible = 0;
			defaultConfigurationName = Release;
		};
		4F68E1231F975420005776F6 /* Build configuration list for PBXNativeTarget "CatOnCloudUITests" */ = {
			isa = XCConfigurationList;
			buildConfigurations = (
				4F68E1241F975420005776F6 /* Debug */,
				4F68E1251F975420005776F6 /* Release */,
			);
			defaultConfigurationIsVisible = 0;
			defaultConfigurationName = Release;
		};
/* End XCConfigurationList section */
	};
	rootObject = 4F68E0ED1F9753D9005776F6 /* Project object */;
}
